// !$*UTF8*$!
{
	archiveVersion = 1;
	classes = {
	};
	objectVersion = 46;
	objects = {

/* Begin PBXBuildFile section */
		D5FBA816192034B2006219C7 /* main.cpp in Sources */ = {isa = PBXBuildFile; fileRef = D5FBA815192034B2006219C7 /* main.cpp */; };
		D5FBA818192034B2006219C7 /* DynamicAlbum.1 in CopyFiles */ = {isa = PBXBuildFile; fileRef = D5FBA817192034B2006219C7 /* DynamicAlbum.1 */; };
/* End PBXBuildFile section */

/* Begin PBXCopyFilesBuildPhase section */
		D5FBA810192034B2006219C7 /* CopyFiles */ = {
			isa = PBXCopyFilesBuildPhase;
			buildActionMask = 2147483647;
			dstPath = /usr/share/man/man1/;
			dstSubfolderSpec = 0;
			files = (
				D5FBA818192034B2006219C7 /* DynamicAlbum.1 in CopyFiles */,
			);
			runOnlyForDeploymentPostprocessing = 1;
		};
/* End PBXCopyFilesBuildPhase section */

/* Begin PBXFileReference section */
		D5FBA812192034B2006219C7 /* DynamicAlbum */ = {isa = PBXFileReference; explicitFileType = "compiled.mach-o.executable"; includeInIndex = 0; path = DynamicAlbum; sourceTree = BUILT_PRODUCTS_DIR; };
		D5FBA815192034B2006219C7 /* main.cpp */ = {isa = PBXFileReference; lastKnownFileType = sourcecode.cpp.cpp; path = main.cpp; sourceTree = "<group>"; };
		D5FBA817192034B2006219C7 /* DynamicAlbum.1 */ = {isa = PBXFileReference; lastKnownFileType = text.man; path = DynamicAlbum.1; sourceTree = "<group>"; };
/* End PBXFileReference section */

/* Begin PBXFrameworksBuildPhase section */
		D5FBA80F192034B2006219C7 /* Frameworks */ = {
			isa = PBXFrameworksBuildPhase;
			buildActionMask = 2147483647;
			files = (
			);
			runOnlyForDeploymentPostprocessing = 0;
		};
/* End PBXFrameworksBuildPhase section */

/* Begin PBXGroup section */
		D5FBA809192034B1006219C7 = {
			isa = PBXGroup;
			children = (
				D5FBA814192034B2006219C7 /* DynamicAlbum */,
				D5FBA813192034B2006219C7 /* Products */,
			);
			sourceTree = "<group>";
		};
		D5FBA813192034B2006219C7 /* Products */ = {
			isa = PBXGroup;
			children = (
				D5FBA812192034B2006219C7 /* DynamicAlbum */,
			);
			name = Products;
			sourceTree = "<group>";
		};
		D5FBA814192034B2006219C7 /* DynamicAlbum */ = {
			isa = PBXGroup;
			children = (
				D5FBA815192034B2006219C7 /* main.cpp */,
				D5FBA817192034B2006219C7 /* DynamicAlbum.1 */,
			);
			path = DynamicAlbum;
			sourceTree = "<group>";
		};
/* End PBXGroup section */

/* Begin PBXNativeTarget section */
		D5FBA811192034B2006219C7 /* DynamicAlbum */ = {
			isa = PBXNativeTarget;
			buildConfigurationList = D5FBA81B192034B2006219C7 /* Build configuration list for PBXNativeTarget "DynamicAlbum" */;
			buildPhases = (
				D5FBA80E192034B2006219C7 /* Sources */,
				D5FBA80F192034B2006219C7 /* Frameworks */,
				D5FBA810192034B2006219C7 /* CopyFiles */,
			);
			buildRules = (
			);
			dependencies = (
			);
			name = DynamicAlbum;
			productName = DynamicAlbum;
			productReference = D5FBA812192034B2006219C7 /* DynamicAlbum */;
			productType = "com.apple.product-type.tool";
		};
/* End PBXNativeTarget section */

/* Begin PBXProject section */
		D5FBA80A192034B2006219C7 /* Project object */ = {
			isa = PBXProject;
			attributes = {
				LastUpgradeCheck = 0510;
				ORGANIZATIONNAME = "___FULLUSERNAME___";
			};
			buildConfigurationList = D5FBA80D192034B2006219C7 /* Build configuration list for PBXProject "DynamicAlbum" */;
			compatibilityVersion = "Xcode 3.2";
			developmentRegion = English;
			hasScannedForEncodings = 0;
			knownRegions = (
				en,
			);
			mainGroup = D5FBA809192034B1006219C7;
			productRefGroup = D5FBA813192034B2006219C7 /* Products */;
			projectDirPath = "";
			projectRoot = "";
			targets = (
				D5FBA811192034B2006219C7 /* DynamicAlbum */,
			);
		};
/* End PBXProject section */

/* Begin PBXSourcesBuildPhase section */
		D5FBA80E192034B2006219C7 /* Sources */ = {
			isa = PBXSourcesBuildPhase;
			buildActionMask = 2147483647;
			files = (
				D5FBA816192034B2006219C7 /* main.cpp in Sources */,
			);
			runOnlyForDeploymentPostprocessing = 0;
		};
/* End PBXSourcesBuildPhase section */

/* Begin XCBuildConfiguration section */
		D5FBA819192034B2006219C7 /* Debug */ = {
			isa = XCBuildConfiguration;
			buildSettings = {
				ALWAYS_SEARCH_USER_PATHS = NO;
				CLANG_CXX_LANGUAGE_STANDARD = "gnu++0x";
				CLANG_CXX_LIBRARY = "libc++";
				CLANG_ENABLE_MODULES = YES;
				CLANG_ENABLE_OBJC_ARC = YES;
				CLANG_WARN_BOOL_CONVERSION = YES;
				CLANG_WARN_CONSTANT_CONVERSION = YES;
				CLANG_WARN_DIRECT_OBJC_ISA_USAGE = YES_ERROR;
				CLANG_WARN_EMPTY_BODY = YES;
				CLANG_WARN_ENUM_CONVERSION = YES;
				CLANG_WARN_INT_CONVERSION = YES;
				CLANG_WARN_OBJC_ROOT_CLASS = YES_ERROR;
				CLANG_WARN__DUPLICATE_METHOD_MATCH = YES;
				COPY_PHASE_STRIP = NO;
				GCC_C_LANGUAGE_STANDARD = gnu99;
				GCC_DYNAMIC_NO_PIC = NO;
				GCC_ENABLE_OBJC_EXCEPTIONS = YES;
				GCC_OPTIMIZATION_LEVEL = 0;
				GCC_PREPROCESSOR_DEFINITIONS = (
					"DEBUG=1",
					"$(inherited)",
				);
				GCC_SYMBOLS_PRIVATE_EXTERN = NO;
				GCC_WARN_64_TO_32_BIT_CONVERSION = YES;
				GCC_WARN_ABOUT_RETURN_TYPE = YES_ERROR;
				GCC_WARN_UNDECLARED_SELECTOR = YES;
				GCC_WARN_UNINITIALIZED_AUTOS = YES_AGGRESSIVE;
				GCC_WARN_UNUSED_FUNCTION = YES;
				GCC_WARN_UNUSED_VARIABLE = YES;
				MACOSX_DEPLOYMENT_TARGET = 10.9;
				ONLY_ACTIVE_ARCH = YES;
				SDKROOT = macosx;
			};
			name = Debug;
		};
		D5FBA81A192034B2006219C7 /* Release */ = {
			isa = XCBuildConfiguration;
			buildSettings = {
				ALWAYS_SEARCH_USER_PATHS = NO;
				CLANG_CXX_LANGUAGE_STANDARD = "gnu++0x";
				CLANG_CXX_LIBRARY = "libc++";
				CLANG_ENABLE_MODULES = YES;
				CLANG_ENABLE_OBJC_ARC = YES;
				CLANG_WARN_BOOL_CONVERSION = YES;
				CLANG_WARN_CONSTANT_CONVERSION = YES;
				CLANG_WARN_DIRECT_OBJC_ISA_USAGE = YES_ERROR;
				CLANG_WARN_EMPTY_BODY = YES;
				CLANG_WARN_ENUM_CONVERSION = YES;
				CLANG_WARN_INT_CONVERSION = YES;
				CLANG_WARN_OBJC_ROOT_CLASS = YES_ERROR;
				CLANG_WARN__DUPLICATE_METHOD_MATCH = YES;
				COPY_PHASE_STRIP = YES;
				DEBUG_INFORMATION_FORMAT = "dwarf-with-dsym";
				ENABLE_NS_ASSERTIONS = NO;
				GCC_C_LANGUAGE_STANDARD = gnu99;
				GCC_ENABLE_OBJC_EXCEPTIONS = YES;
				GCC_WARN_64_TO_32_BIT_CONVERSION = YES;
				GCC_WARN_ABOUT_RETURN_TYPE = YES_ERROR;
				GCC_WARN_UNDECLARED_SELECTOR = YES;
				GCC_WARN_UNINITIALIZED_AUTOS = YES_AGGRESSIVE;
				GCC_WARN_UNUSED_FUNCTION = YES;
				GCC_WARN_UNUSED_VARIABLE = YES;
				MACOSX_DEPLOYMENT_TARGET = 10.9;
				SDKROOT = macosx;
			};
			name = Release;
		};
		D5FBA81C192034B2006219C7 /* Debug */ = {
			isa = XCBuildConfiguration;
			buildSettings = {
				PRODUCT_NAME = "$(TARGET_NAME)";
			};
			name = Debug;
		};
		D5FBA81D192034B2006219C7 /* Release */ = {
			isa = XCBuildConfiguration;
			buildSettings = {
				PRODUCT_NAME = "$(TARGET_NAME)";
			};
			name = Release;
		};
/* End XCBuildConfiguration section */

/* Begin XCConfigurationList section */
		D5FBA80D192034B2006219C7 /* Build configuration list for PBXProject "DynamicAlbum" */ = {
			isa = XCConfigurationList;
			buildConfigurations = (
				D5FBA819192034B2006219C7 /* Debug */,
				D5FBA81A192034B2006219C7 /* Release */,
			);
			defaultConfigurationIsVisible = 0;
			defaultConfigurationName = Release;
		};
		D5FBA81B192034B2006219C7 /* Build configuration list for PBXNativeTarget "DynamicAlbum" */ = {
			isa = XCConfigurationList;
			buildConfigurations = (
				D5FBA81C192034B2006219C7 /* Debug */,
				D5FBA81D192034B2006219C7 /* Release */,
			);
			defaultConfigurationIsVisible = 0;
		};
/* End XCConfigurationList section */
	};
	rootObject = D5FBA80A192034B2006219C7 /* Project object */;
}
